schema: '2.0'
stages:
  train:
    cmd: python src/train.py
    deps:
    - path: src/train.py
      hash: md5
      md5: 0276ec6e7f19baf19bbe578cd7737a2a
      size: 1290
    outs:
    - path: models/iris_model.joblib
      hash: md5
      md5: 41a7ae5b789373d4517b7100ade57512
      size: 186897
  collect:
    cmd: python src/pipeline/collect.py --output data/raw/iris_raw.csv
    outs:
    - path: data/raw/iris_raw.csv
      hash: md5
      md5: c16d8dd7c611610e6e0cd37fe33e59f2
      size: 8992
  preprocess:
    cmd: python src/pipeline/preprocess.py --input data/raw/iris_raw.csv 
      --output data/processed/iris_preprocessed.csv
    deps:
    - path: data/raw/iris_raw.csv
      hash: md5
      md5: c16d8dd7c611610e6e0cd37fe33e59f2
      size: 8992
    - path: src/pipeline/preprocess.py
      hash: md5
      md5: 8e8a0d95120ada0d3938405761be5e9c
      size: 1538
    outs:
    - path: data/processed/iris_preprocessed.csv
      hash: md5
      md5: a14ddf816aea4f7a003d1f974d3aaef1
      size: 4002
  features:
    cmd: python src/pipeline/features.py --input 
      data/processed/iris_preprocessed.csv --output 
      data/processed/iris_features.csv
    deps:
    - path: data/processed/iris_preprocessed.csv
      hash: md5
      md5: a14ddf816aea4f7a003d1f974d3aaef1
      size: 4002
    - path: src/pipeline/features.py
      hash: md5
      md5: 81eed152b784d4f43af993ee7e145dfb
      size: 1181
    outs:
    - path: data/processed/iris_features.csv
      hash: md5
      md5: 0e0705fa15985fa70f9354a8213a9a15
      size: 10448
  validate:
    cmd: python src/pipeline/validate.py --input 
      data/processed/iris_features.csv
    deps:
    - path: data/processed/iris_features.csv
      hash: md5
      md5: 0e0705fa15985fa70f9354a8213a9a15
      size: 10448
    - path: src/pipeline/validate.py
      hash: md5
      md5: 1d78ce808f2d9ec85b3f14e455fe1803
      size: 2252
